// !$*UTF8*$!
{
    archiveVersion = 1;
    classes = {};
    objectVersion = 46;
    rootObject = __RootObject_;
    objects = {
        __RootObject_ = {
            isa = PBXProject;
            attributes = {LastUpgradeCheck = 9999;};
            buildConfigurationList = ___RootConfs_;
            compatibilityVersion = 'Xcode 3.2';
            developmentRegion = English;
            hasScannedForEncodings = 0;
            knownRegions = (en);
            mainGroup = ___RootGroup_;
            productRefGroup = ____Products_;
            projectDirPath = '';
            projectRoot = '';
            targets = (______Target_SwiftyJSON, ______Target_SwiftyJSONTestSuite);
        };
        '__PBXFileRef_Package.swift' = {
            isa = PBXFileReference;
            lastKnownFileType = sourcecode.swift;
            name = 'Package.swift';
            path = 'Package.swift';
            sourceTree = '<group>';
        };
        ___RootGroup_ = {
            isa = PBXGroup;
            children = ('__PBXFileRef_Package.swift', _____Configs_, _____Sources_, Dependencies_, _______Tests_, ____Products_);
            sourceTree = '<group>';
        };
        __PBXFileRef_SwiftyJSON_Info.plist = {
            isa = PBXFileReference;
            lastKnownFileType = text.plist.xml;
            name = 'SwiftyJSON_Info.plist';
            path = 'SwiftyJSON.xcodeproj/SwiftyJSON_Info.plist';
            sourceTree = SOURCE_ROOT;
        };
        _______Group_SwiftyJSON = {
            isa = PBXGroup;
            name = SwiftyJSON;
            path = 'Source';
            sourceTree = '<group>';
            children = ('__PBXFileRef_Source/LclJSONSerialization.swift', '__PBXFileRef_Source/SwiftyJSON.swift', __PBXFileRef_SwiftyJSON_Info.plist);
        };
        '__PBXFileRef_Source/LclJSONSerialization.swift' = {
            isa = PBXFileReference;
            lastKnownFileType = sourcecode.swift;
            name = 'LclJSONSerialization.swift';
            sourceTree = '<group>';
        };
        '__PBXFileRef_Source/SwiftyJSON.swift' = {
            isa = PBXFileReference;
            lastKnownFileType = sourcecode.swift;
            name = 'SwiftyJSON.swift';
            sourceTree = '<group>';
        };
        ______Target_SwiftyJSON = {
            isa = PBXNativeTarget;
            buildConfigurationList = _______Confs_SwiftyJSON;
            buildPhases = (CompilePhase_SwiftyJSON, ___LinkPhase_SwiftyJSON);
            buildRules = ();
            dependencies = ();
            name = SwiftyJSON;
            productName = SwiftyJSON;
            productReference = _____Product_SwiftyJSON;
            productType = 'com.apple.product-type.framework';
        };
        _____Product_SwiftyJSON = {
            isa = PBXFileReference;
            explicitFileType = 'wrapper.framework';
            path = 'SwiftyJSON.framework';
            sourceTree = BUILT_PRODUCTS_DIR;
        };
        CompilePhase_SwiftyJSON = {
            isa = PBXSourcesBuildPhase;
            files = ('__src_cc_ref_Source/LclJSONSerialization.swift', '__src_cc_ref_Source/SwiftyJSON.swift');
            runOnlyForDeploymentPostprocessing = 0;
        };
        '__src_cc_ref_Source/LclJSONSerialization.swift' = {
            isa = PBXBuildFile;
            fileRef = '__PBXFileRef_Source/LclJSONSerialization.swift';
        };
        '__src_cc_ref_Source/SwiftyJSON.swift' = {
            isa = PBXBuildFile;
            fileRef = '__PBXFileRef_Source/SwiftyJSON.swift';
        };
        ___LinkPhase_SwiftyJSON = {
            isa = PBXFrameworksBuildPhase;
            files = ();
            runOnlyForDeploymentPostprocessing = 0;
        };
        _______Confs_SwiftyJSON = {
            isa = XCConfigurationList;
            buildConfigurations = (___DebugConf_SwiftyJSON, _ReleaseConf_SwiftyJSON);
            defaultConfigurationIsVisible = 0;
            defaultConfigurationName = Debug;
        };
        ___DebugConf_SwiftyJSON = {
            isa = XCBuildConfiguration;
            buildSettings = { LD_RUNPATH_SEARCH_PATHS = '$(TOOLCHAIN_DIR)/usr/lib/swift/macosx'; PRODUCT_MODULE_NAME = '$(TARGET_NAME:c99extidentifier)'; ENABLE_TESTABILITY = 'YES'; OTHER_SWIFT_FLAGS = '$(inherited)'; INFOPLIST_FILE = 'SwiftyJSON.xcodeproj/SwiftyJSON_Info.plist'; FRAMEWORK_SEARCH_PATHS = '$(PLATFORM_DIR)/Developer/Library/Frameworks'; SWIFT_OPTIMIZATION_LEVEL = '-Onone'; OTHER_LDFLAGS = '$(inherited)'; PRODUCT_NAME = '$(TARGET_NAME:c99extidentifier)'; };
            name = Debug;
        };
        _ReleaseConf_SwiftyJSON = {
            isa = XCBuildConfiguration;
            buildSettings = { LD_RUNPATH_SEARCH_PATHS = '$(TOOLCHAIN_DIR)/usr/lib/swift/macosx'; PRODUCT_MODULE_NAME = '$(TARGET_NAME:c99extidentifier)'; ENABLE_TESTABILITY = 'YES'; OTHER_SWIFT_FLAGS = '$(inherited)'; INFOPLIST_FILE = 'SwiftyJSON.xcodeproj/SwiftyJSON_Info.plist'; FRAMEWORK_SEARCH_PATHS = '$(PLATFORM_DIR)/Developer/Library/Frameworks'; OTHER_LDFLAGS = '$(inherited)'; PRODUCT_NAME = '$(TARGET_NAME:c99extidentifier)'; };
            name = Release;
        };
        __Dependency_SwiftyJSON = {
            isa = PBXTargetDependency;
            target = ______Target_SwiftyJSON;
        };
        __PBXFileRef_SwiftyJSONTestSuite_Info.plist = {
            isa = PBXFileReference;
            lastKnownFileType = text.plist.xml;
            name = 'SwiftyJSONTestSuite_Info.plist';
            path = 'SwiftyJSON.xcodeproj/SwiftyJSONTestSuite_Info.plist';
            sourceTree = SOURCE_ROOT;
        };
        _______Group_SwiftyJSONTestSuite = {
            isa = PBXGroup;
            name = SwiftyJSONTestSuite;
            path = 'Tests/SwiftyJSON';
            sourceTree = '<group>';
            children = ('__PBXFileRef_Tests/SwiftyJSON/ArrayTests.swift', '__PBXFileRef_Tests/SwiftyJSON/BaseTests.swift', '__PBXFileRef_Tests/SwiftyJSON/ComparableTests.swift', '__PBXFileRef_Tests/SwiftyJSON/DictionaryTests.swift', '__PBXFileRef_Tests/SwiftyJSON/LiteralConvertibleTests.swift', '__PBXFileRef_Tests/SwiftyJSON/NumberTests.swift', '__PBXFileRef_Tests/SwiftyJSON/PerformanceTests.swift', '__PBXFileRef_Tests/SwiftyJSON/PrintableTests.swift', '__PBXFileRef_Tests/SwiftyJSON/RawRepresentableTests.swift', '__PBXFileRef_Tests/SwiftyJSON/RawTests.swift', '__PBXFileRef_Tests/SwiftyJSON/SequenceTypeTests.swift', '__PBXFileRef_Tests/SwiftyJSON/StringTests.swift', '__PBXFileRef_Tests/SwiftyJSON/SubscriptTests.swift', __PBXFileRef_SwiftyJSONTestSuite_Info.plist);
        };
        '__PBXFileRef_Tests/SwiftyJSON/ArrayTests.swift' = {
            isa = PBXFileReference;
            lastKnownFileType = sourcecode.swift;
            name = 'ArrayTests.swift';
            sourceTree = '<group>';
        };
        '__PBXFileRef_Tests/SwiftyJSON/BaseTests.swift' = {
            isa = PBXFileReference;
            lastKnownFileType = sourcecode.swift;
            name = 'BaseTests.swift';
            sourceTree = '<group>';
        };
        '__PBXFileRef_Tests/SwiftyJSON/ComparableTests.swift' = {
            isa = PBXFileReference;
            lastKnownFileType = sourcecode.swift;
            name = 'ComparableTests.swift';
            sourceTree = '<group>';
        };
        '__PBXFileRef_Tests/SwiftyJSON/DictionaryTests.swift' = {
            isa = PBXFileReference;
            lastKnownFileType = sourcecode.swift;
            name = 'DictionaryTests.swift';
            sourceTree = '<group>';
        };
        '__PBXFileRef_Tests/SwiftyJSON/LiteralConvertibleTests.swift' = {
            isa = PBXFileReference;
            lastKnownFileType = sourcecode.swift;
            name = 'LiteralConvertibleTests.swift';
            sourceTree = '<group>';
        };
        '__PBXFileRef_Tests/SwiftyJSON/NumberTests.swift' = {
            isa = PBXFileReference;
            lastKnownFileType = sourcecode.swift;
            name = 'NumberTests.swift';
            sourceTree = '<group>';
        };
        '__PBXFileRef_Tests/SwiftyJSON/PerformanceTests.swift' = {
            isa = PBXFileReference;
            lastKnownFileType = sourcecode.swift;
            name = 'PerformanceTests.swift';
            sourceTree = '<group>';
        };
        '__PBXFileRef_Tests/SwiftyJSON/PrintableTests.swift' = {
            isa = PBXFileReference;
            lastKnownFileType = sourcecode.swift;
            name = 'PrintableTests.swift';
            sourceTree = '<group>';
        };
        '__PBXFileRef_Tests/SwiftyJSON/RawRepresentableTests.swift' = {
            isa = PBXFileReference;
            lastKnownFileType = sourcecode.swift;
            name = 'RawRepresentableTests.swift';
            sourceTree = '<group>';
        };
        '__PBXFileRef_Tests/SwiftyJSON/RawTests.swift' = {
            isa = PBXFileReference;
            lastKnownFileType = sourcecode.swift;
            name = 'RawTests.swift';
            sourceTree = '<group>';
        };
        '__PBXFileRef_Tests/SwiftyJSON/SequenceTypeTests.swift' = {
            isa = PBXFileReference;
            lastKnownFileType = sourcecode.swift;
            name = 'SequenceTypeTests.swift';
            sourceTree = '<group>';
        };
        '__PBXFileRef_Tests/SwiftyJSON/StringTests.swift' = {
            isa = PBXFileReference;
            lastKnownFileType = sourcecode.swift;
            name = 'StringTests.swift';
            sourceTree = '<group>';
        };
        '__PBXFileRef_Tests/SwiftyJSON/SubscriptTests.swift' = {
            isa = PBXFileReference;
            lastKnownFileType = sourcecode.swift;
            name = 'SubscriptTests.swift';
            sourceTree = '<group>';
        };
        ______Target_SwiftyJSONTestSuite = {
            isa = PBXNativeTarget;
            buildConfigurationList = _______Confs_SwiftyJSONTestSuite;
            buildPhases = (CompilePhase_SwiftyJSONTestSuite, ___LinkPhase_SwiftyJSONTestSuite);
            buildRules = ();
            dependencies = (__Dependency_SwiftyJSON);
            name = SwiftyJSONTestSuite;
            productName = SwiftyJSONTestSuite;
            productReference = _____Product_SwiftyJSONTestSuite;
            productType = 'com.apple.product-type.bundle.unit-test';
        };
        _____Product_SwiftyJSONTestSuite = {
            isa = PBXFileReference;
            explicitFileType = 'compiled.mach-o.wrapper.cfbundle';
            path = 'SwiftyJSONTestSuite.xctest';
            sourceTree = BUILT_PRODUCTS_DIR;
        };
        CompilePhase_SwiftyJSONTestSuite = {
            isa = PBXSourcesBuildPhase;
            files = ('__src_cc_ref_Tests/SwiftyJSON/ArrayTests.swift', '__src_cc_ref_Tests/SwiftyJSON/BaseTests.swift', '__src_cc_ref_Tests/SwiftyJSON/ComparableTests.swift', '__src_cc_ref_Tests/SwiftyJSON/DictionaryTests.swift', '__src_cc_ref_Tests/SwiftyJSON/LiteralConvertibleTests.swift', '__src_cc_ref_Tests/SwiftyJSON/NumberTests.swift', '__src_cc_ref_Tests/SwiftyJSON/PerformanceTests.swift', '__src_cc_ref_Tests/SwiftyJSON/PrintableTests.swift', '__src_cc_ref_Tests/SwiftyJSON/RawRepresentableTests.swift', '__src_cc_ref_Tests/SwiftyJSON/RawTests.swift', '__src_cc_ref_Tests/SwiftyJSON/SequenceTypeTests.swift', '__src_cc_ref_Tests/SwiftyJSON/StringTests.swift', '__src_cc_ref_Tests/SwiftyJSON/SubscriptTests.swift');
            runOnlyForDeploymentPostprocessing = 0;
        };
        '__src_cc_ref_Tests/SwiftyJSON/ArrayTests.swift' = {
            isa = PBXBuildFile;
            fileRef = '__PBXFileRef_Tests/SwiftyJSON/ArrayTests.swift';
        };
        '__src_cc_ref_Tests/SwiftyJSON/BaseTests.swift' = {
            isa = PBXBuildFile;
            fileRef = '__PBXFileRef_Tests/SwiftyJSON/BaseTests.swift';
        };
        '__src_cc_ref_Tests/SwiftyJSON/ComparableTests.swift' = {
            isa = PBXBuildFile;
            fileRef = '__PBXFileRef_Tests/SwiftyJSON/ComparableTests.swift';
        };
        '__src_cc_ref_Tests/SwiftyJSON/DictionaryTests.swift' = {
            isa = PBXBuildFile;
            fileRef = '__PBXFileRef_Tests/SwiftyJSON/DictionaryTests.swift';
        };
        '__src_cc_ref_Tests/SwiftyJSON/LiteralConvertibleTests.swift' = {
            isa = PBXBuildFile;
            fileRef = '__PBXFileRef_Tests/SwiftyJSON/LiteralConvertibleTests.swift';
        };
        '__src_cc_ref_Tests/SwiftyJSON/NumberTests.swift' = {
            isa = PBXBuildFile;
            fileRef = '__PBXFileRef_Tests/SwiftyJSON/NumberTests.swift';
        };
        '__src_cc_ref_Tests/SwiftyJSON/PerformanceTests.swift' = {
            isa = PBXBuildFile;
            fileRef = '__PBXFileRef_Tests/SwiftyJSON/PerformanceTests.swift';
        };
        '__src_cc_ref_Tests/SwiftyJSON/PrintableTests.swift' = {
            isa = PBXBuildFile;
            fileRef = '__PBXFileRef_Tests/SwiftyJSON/PrintableTests.swift';
        };
        '__src_cc_ref_Tests/SwiftyJSON/RawRepresentableTests.swift' = {
            isa = PBXBuildFile;
            fileRef = '__PBXFileRef_Tests/SwiftyJSON/RawRepresentableTests.swift';
        };
        '__src_cc_ref_Tests/SwiftyJSON/RawTests.swift' = {
            isa = PBXBuildFile;
            fileRef = '__PBXFileRef_Tests/SwiftyJSON/RawTests.swift';
        };
        '__src_cc_ref_Tests/SwiftyJSON/SequenceTypeTests.swift' = {
            isa = PBXBuildFile;
            fileRef = '__PBXFileRef_Tests/SwiftyJSON/SequenceTypeTests.swift';
        };
        '__src_cc_ref_Tests/SwiftyJSON/StringTests.swift' = {
            isa = PBXBuildFile;
            fileRef = '__PBXFileRef_Tests/SwiftyJSON/StringTests.swift';
        };
        '__src_cc_ref_Tests/SwiftyJSON/SubscriptTests.swift' = {
            isa = PBXBuildFile;
            fileRef = '__PBXFileRef_Tests/SwiftyJSON/SubscriptTests.swift';
        };
        ___LinkPhase_SwiftyJSONTestSuite = {
            isa = PBXFrameworksBuildPhase;
            files = (_LinkFileRef_SwiftyJSON_via_SwiftyJSONTestSuite);
            runOnlyForDeploymentPostprocessing = 0;
        };
        _LinkFileRef_SwiftyJSON_via_SwiftyJSONTestSuite = {
            isa = PBXBuildFile;
            fileRef = _____Product_SwiftyJSON;
        };
        _______Confs_SwiftyJSONTestSuite = {
            isa = XCConfigurationList;
            buildConfigurations = (___DebugConf_SwiftyJSONTestSuite, _ReleaseConf_SwiftyJSONTestSuite);
            defaultConfigurationIsVisible = 0;
            defaultConfigurationName = Debug;
        };
        ___DebugConf_SwiftyJSONTestSuite = {
            isa = XCBuildConfiguration;
            buildSettings = { LD_RUNPATH_SEARCH_PATHS = '@loader_path/../Frameworks'; FRAMEWORK_SEARCH_PATHS = '$(PLATFORM_DIR)/Developer/Library/Frameworks'; OTHER_SWIFT_FLAGS = '$(inherited)'; INFOPLIST_FILE = 'SwiftyJSON.xcodeproj/SwiftyJSONTestSuite_Info.plist'; SWIFT_OPTIMIZATION_LEVEL = '-Onone'; EMBEDDED_CONTENT_CONTAINS_SWIFT = 'YES'; OTHER_LDFLAGS = '$(inherited)'; };
            name = Debug;
        };
        _ReleaseConf_SwiftyJSONTestSuite = {
            isa = XCBuildConfiguration;
            buildSettings = { LD_RUNPATH_SEARCH_PATHS = '@loader_path/../Frameworks'; FRAMEWORK_SEARCH_PATHS = '$(PLATFORM_DIR)/Developer/Library/Frameworks'; EMBEDDED_CONTENT_CONTAINS_SWIFT = 'YES'; OTHER_LDFLAGS = '$(inherited)'; INFOPLIST_FILE = 'SwiftyJSON.xcodeproj/SwiftyJSONTestSuite_Info.plist'; OTHER_SWIFT_FLAGS = '$(inherited)'; };
            name = Release;
        };
        __Dependency_SwiftyJSONTestSuite = {
            isa = PBXTargetDependency;
            target = ______Target_SwiftyJSONTestSuite;
        };
        '__PBXFileRef_SwiftyJSON.xcodeproj/Configs/Project.xcconfig' = {
            isa = PBXFileReference;
            lastKnownFileType = text.xcconfig;
            name = 'Project.xcconfig';
            path = 'SwiftyJSON.xcodeproj/Configs/Project.xcconfig';
            sourceTree = '<group>';
        };
        _____Configs_ = {
            isa = PBXGroup;
            children = ('__PBXFileRef_SwiftyJSON.xcodeproj/Configs/Project.xcconfig');
            name = Configs;
            sourceTree = '<group>';
        };
        _____Sources_ = {
            isa = PBXGroup;
            children = (_______Group_SwiftyJSON);
            name = Sources;
            sourceTree = '<group>';
        };
        _______Tests_ = {
            isa = PBXGroup;
            children = (_______Group_SwiftyJSONTestSuite);
            name = Tests;
            sourceTree = '<group>';
        };
       TestProducts_ = {
            isa = PBXGroup;
            children = (_____Product_SwiftyJSONTestSuite);
            name = Tests;
            sourceTree = '<group>';
        };
        ____Products_ = {
            isa = PBXGroup;
            children = (TestProducts_, _____Product_SwiftyJSON);
            name = Products;
            sourceTree = '<group>';
        };
        _______Debug_ = {
            isa = XCBuildConfiguration;
            baseConfigurationReference = '__PBXFileRef_SwiftyJSON.xcodeproj/Configs/Project.xcconfig';
            buildSettings = {};
            name = Debug;
        };
        _____Release_ = {
            isa = XCBuildConfiguration;
            baseConfigurationReference = '__PBXFileRef_SwiftyJSON.xcodeproj/Configs/Project.xcconfig';
            buildSettings = {};
            name = Release;
        };
        ___RootConfs_ = {
            isa = XCConfigurationList;
            buildConfigurations = (_______Debug_, _____Release_);
            defaultConfigurationIsVisible = 0;
            defaultConfigurationName = Debug;
        };
    };
}
